
Microsoft Visual Studio Solution File, Format Version 12.00
# Visual Studio Version 17
VisualStudioVersion = 17.3.32819.101
MinimumVisualStudioVersion = 10.0.40219.1
Project("{8BC9CEB8-8B4A-11D0-8D11-00A0C91BC942}") = "Dummy", "Dummy\Dummy.vcxproj", "{491DBC3D-22DB-4518-ABE4-1DD81768C9A1}"
EndProject
Global
	GlobalSection(SolutionConfigurationPlatforms) = preSolution
		Debug|x64 = Debug|x64
		Debug|x86 = Debug|x86
		Release|x64 = Release|x64
		Release|x86 = Release|x86
	EndGlobalSection
	GlobalSection(ProjectConfigurationPlatforms) = postSolution
		{491DBC3D-22DB-4518-ABE4-1DD81768C9A1}.Debug|x64.ActiveCfg = Debug|x64
		{491DBC3D-22DB-4518-ABE4-1DD81768C9A1}.Debug|x64.Build.0 = Debug|x64
		{491DBC3D-22DB-4518-ABE4-1DD81768C9A1}.Debug|x86.ActiveCfg = Debug|Win32
		{491DBC3D-22DB-4518-ABE4-1DD81768C9A1}.Debug|x86.Build.0 = Debug|Win32
		{491DBC3D-22DB-4518-ABE4-1DD81768C9A1}.Release|x64.ActiveCfg = Release|x64
		{491DBC3D-22DB-4518-ABE4-1DD81768C9A1}.Release|x64.Build.0 = Release|x64
		{491DBC3D-22DB-4518-ABE4-1DD81768C9A1}.Release|x86.ActiveCfg = Release|Win32
		{491DBC3D-22DB-4518-ABE4-1DD81768C9A1}.Release|x86.Build.0 = Release|Win32
	EndGlobalSection
	GlobalSection(SolutionProperties) = preSolution
		HideSolutionNode = FALSE
	EndGlobalSection
	GlobalSection(ExtensibilityGlobals) = postSolution
		SolutionGuid = {D007D3B3-80D1-471E-A6C3-AFF2F450D1EF}
	EndGlobalSection
EndGlobal
